{
  "name": "@samhammer/ckeditor5-simple-button-plugin",
  "version": "2.20.0",
  "lockfileVersion": 3,
  "requires": true,
  "packages": {
    "": {
      "name": "@samhammer/ckeditor5-simple-button-plugin",
      "version": "2.20.0",
      "license": "MIT",
      "dependencies": {
        "@ckeditor/ckeditor5-core": "~40.0.0",
        "@ckeditor/ckeditor5-ui": "~40.0.0"
      }
    },
    "node_modules/@ckeditor/ckeditor5-core": {
      "version": "40.0.0",
      "resolved": "https://registry.npmjs.org/@ckeditor/ckeditor5-core/-/ckeditor5-core-40.0.0.tgz",
      "integrity": "sha512-8xoSDOc9/35jEikKtYbdYmBxPop7i/JYSkkZmJYbZ8XxkjQiIMAUYOJVdNntfuLGazU+THmutieEA/x3ISme4g==",
      "dependencies": {
        "@ckeditor/ckeditor5-engine": "40.0.0",
        "@ckeditor/ckeditor5-utils": "40.0.0",
        "lodash-es": "4.17.21"
      }
    },
    "node_modules/@ckeditor/ckeditor5-engine": {
      "version": "40.0.0",
      "resolved": "https://registry.npmjs.org/@ckeditor/ckeditor5-engine/-/ckeditor5-engine-40.0.0.tgz",
      "integrity": "sha512-zauOXFudE1B94RSziWWojdpqGprSo4rKwW3KLU6nfaz9Kq9RZkcP/TW5ADE0DxC2jWUMeItVE/3U8ES5fZ0hqQ==",
      "dependencies": {
        "@ckeditor/ckeditor5-utils": "40.0.0",
        "lodash-es": "4.17.21"
      }
    },
    "node_modules/@ckeditor/ckeditor5-ui": {
      "version": "40.0.0",
      "resolved": "https://registry.npmjs.org/@ckeditor/ckeditor5-ui/-/ckeditor5-ui-40.0.0.tgz",
      "integrity": "sha512-wnfC7eSqdN6i+nHTN83+PCByWeCPDgdQAXvf3HHBNdsJna6khKC8Oy/1eU8F+vR84unJMrPoaCMIx0qRvK3hCA==",
      "dependencies": {
        "@ckeditor/ckeditor5-core": "40.0.0",
        "@ckeditor/ckeditor5-utils": "40.0.0",
        "color-convert": "2.0.1",
        "color-parse": "1.4.2",
        "lodash-es": "4.17.21",
        "vanilla-colorful": "0.7.2"
      }
    },
    "node_modules/@ckeditor/ckeditor5-utils": {
      "version": "40.0.0",
      "resolved": "https://registry.npmjs.org/@ckeditor/ckeditor5-utils/-/ckeditor5-utils-40.0.0.tgz",
      "integrity": "sha512-52UwkeGxrZWhbwWWfixKceWhF1kuDeJNAM57wqfB7GS8CzElOpJ3AELeD/L/ZkUEBGL9asqribEH3CzgTjWKPA==",
      "dependencies": {
        "lodash-es": "4.17.21"
      }
    },
    "node_modules/color-convert": {
      "version": "2.0.1",
      "resolved": "https://registry.npmjs.org/color-convert/-/color-convert-2.0.1.tgz",
      "integrity": "sha512-RRECPsj7iu/xb5oKYcsFHSppFNnsj/52OVTRKb4zP5onXwVF3zVmmToNcOfGC+CRDpfK/U584fMg38ZHCaElKQ==",
      "dependencies": {
        "color-name": "~1.1.4"
      },
      "engines": {
        "node": ">=7.0.0"
      }
    },
    "node_modules/color-name": {
      "version": "1.1.4",
      "resolved": "https://registry.npmjs.org/color-name/-/color-name-1.1.4.tgz",
      "integrity": "sha512-dOy+3AuW3a2wNbZHIuMZpTcgjGuLU/uBL/ubcZF9OXbDo8ff4O8yVp5Bf0efS8uEoYo5q4Fx7dY9OgQGXgAsQA=="
    },
    "node_modules/color-parse": {
      "version": "1.4.2",
      "resolved": "https://registry.npmjs.org/color-parse/-/color-parse-1.4.2.tgz",
      "integrity": "sha512-RI7s49/8yqDj3fECFZjUI1Yi0z/Gq1py43oNJivAIIDSyJiOZLfYCRQEgn8HEVAj++PcRe8AnL2XF0fRJ3BTnA==",
      "dependencies": {
        "color-name": "^1.0.0"
      }
    },
    "node_modules/lodash-es": {
      "version": "4.17.21",
      "resolved": "https://registry.npmjs.org/lodash-es/-/lodash-es-4.17.21.tgz",
      "integrity": "sha512-mKnC+QJ9pWVzv+C4/U3rRsHapFfHvQFoFB92e52xeyGMcX6/OlIl78je1u8vePzYZSkkogMPJ2yjxxsb89cxyw=="
    },
    "node_modules/vanilla-colorful": {
      "version": "0.7.2",
      "resolved": "https://registry.npmjs.org/vanilla-colorful/-/vanilla-colorful-0.7.2.tgz",
      "integrity": "sha512-z2YZusTFC6KnLERx1cgoIRX2CjPRP0W75N+3CC6gbvdX5Ch47rZkEMGO2Xnf+IEmi3RiFLxS18gayMA27iU7Kg=="
    }
  }
}
